
Microsoft Visual Studio Solution File, Format Version 12.00
# Visual Studio 14
VisualStudioVersion = 14.0.23107.0
MinimumVisualStudioVersion = 10.0.40219.1
Project("{FAE04EC0-301F-11D3-BF4B-00C04F79EFBC}") = "OctoChimp", "OctoChimp\OctoChimp.csproj", "{53ADF5C3-8775-40F6-949D-050A7DB29600}"
EndProject
Project("{FAE04EC0-301F-11D3-BF4B-00C04F79EFBC}") = "OctoChimpWPF", "OctoChimpWPF\OctoChimpWPF.csproj", "{8A1EE394-BC7B-443D-AAEE-E6E5E411028C}"
EndProject
Global
	GlobalSection(SolutionConfigurationPlatforms) = preSolution
		Debug|Any CPU = Debug|Any CPU
		Release|Any CPU = Release|Any CPU
	EndGlobalSection
	GlobalSection(ProjectConfigurationPlatforms) = postSolution
		{53ADF5C3-8775-40F6-949D-050A7DB29600}.Debug|Any CPU.ActiveCfg = Debug|Any CPU
		{53ADF5C3-8775-40F6-949D-050A7DB29600}.Debug|Any CPU.Build.0 = Debug|Any CPU
		{53ADF5C3-8775-40F6-949D-050A7DB29600}.Release|Any CPU.ActiveCfg = Release|Any CPU
		{53ADF5C3-8775-40F6-949D-050A7DB29600}.Release|Any CPU.Build.0 = Release|Any CPU
		{8A1EE394-BC7B-443D-AAEE-E6E5E411028C}.Debug|Any CPU.ActiveCfg = Debug|Any CPU
		{8A1EE394-BC7B-443D-AAEE-E6E5E411028C}.Debug|Any CPU.Build.0 = Debug|Any CPU
		{8A1EE394-BC7B-443D-AAEE-E6E5E411028C}.Release|Any CPU.ActiveCfg = Release|Any CPU
		{8A1EE394-BC7B-443D-AAEE-E6E5E411028C}.Release|Any CPU.Build.0 = Release|Any CPU
	EndGlobalSection
	GlobalSection(SolutionProperties) = preSolution
		HideSolutionNode = FALSE
	EndGlobalSection
EndGlobal
